
Microsoft Visual Studio Solution File, Format Version 12.00
# Visual Studio Version 16
VisualStudioVersion = 16.0.30503.244
MinimumVisualStudioVersion = 10.0.40219.1
Project("{FAE04EC0-301F-11D3-BF4B-00C04F79EFBC}") = "1_3", "1_3.csproj", "{97FA3647-835F-4F70-B8FE-B3A3EDC395AB}"
EndProject
Project("{FAE04EC0-301F-11D3-BF4B-00C04F79EFBC}") = "test1_3", "..\test1_3\test1_3.csproj", "{9B2D206A-F169-490A-9974-E05FB185DC5D}"
EndProject
Global
	GlobalSection(SolutionConfigurationPlatforms) = preSolution
		Debug|Any CPU = Debug|Any CPU
		Release|Any CPU = Release|Any CPU
	EndGlobalSection
	GlobalSection(ProjectConfigurationPlatforms) = postSolution
		{97FA3647-835F-4F70-B8FE-B3A3EDC395AB}.Debug|Any CPU.ActiveCfg = Debug|Any CPU
		{97FA3647-835F-4F70-B8FE-B3A3EDC395AB}.Debug|Any CPU.Build.0 = Debug|Any CPU
		{97FA3647-835F-4F70-B8FE-B3A3EDC395AB}.Release|Any CPU.ActiveCfg = Release|Any CPU
		{97FA3647-835F-4F70-B8FE-B3A3EDC395AB}.Release|Any CPU.Build.0 = Release|Any CPU
		{9B2D206A-F169-490A-9974-E05FB185DC5D}.Debug|Any CPU.ActiveCfg = Debug|Any CPU
		{9B2D206A-F169-490A-9974-E05FB185DC5D}.Debug|Any CPU.Build.0 = Debug|Any CPU
		{9B2D206A-F169-490A-9974-E05FB185DC5D}.Release|Any CPU.ActiveCfg = Release|Any CPU
		{9B2D206A-F169-490A-9974-E05FB185DC5D}.Release|Any CPU.Build.0 = Release|Any CPU
	EndGlobalSection
	GlobalSection(SolutionProperties) = preSolution
		HideSolutionNode = FALSE
	EndGlobalSection
	GlobalSection(ExtensibilityGlobals) = postSolution
		SolutionGuid = {ECAF90A1-B3BE-44A2-9051-03DC64D914C2}
	EndGlobalSection
EndGlobal
